
Microsoft Visual Studio Solution File, Format Version 12.00
# Visual Studio 2012
Project("{9092AA53-FB77-4645-B42D-1CCCA6BD08BD}") = "angularjs", "angularjs\angularjs.njsproj", "{0DB7BEE8-7689-4BCE-A294-16950276E865}"
EndProject
Project("{9092AA53-FB77-4645-B42D-1CCCA6BD08BD}") = "views", "views\views.njsproj", "{5B6D80E5-B24A-4AB6-834E-B6F83F5F9A1F}"
EndProject
Project("{9092AA53-FB77-4645-B42D-1CCCA6BD08BD}") = "angularjs-bootstrap", "angularjs-bootstrap\angularjs-bootstrap.njsproj", "{D6F319E4-714F-443E-9788-E814FEAE3F93}"
EndProject
Project("{2150E333-8FDC-42A3-9474-1A3956D46DE8}") = "Solution Items", "Solution Items", "{F079691F-3601-452A-B0F2-8F386FF9D129}"
	ProjectSection(SolutionItems) = preProject
		typings\totaljs\nosql.d.ts = typings\totaljs\nosql.d.ts
		typings\totaljs\totaljs.d.ts = typings\totaljs\totaljs.d.ts
	EndProjectSection
EndProject
Global
	GlobalSection(SolutionConfigurationPlatforms) = preSolution
		Debug|Any CPU = Debug|Any CPU
		Release|Any CPU = Release|Any CPU
	EndGlobalSection
	GlobalSection(ProjectConfigurationPlatforms) = postSolution
		{0DB7BEE8-7689-4BCE-A294-16950276E865}.Debug|Any CPU.ActiveCfg = Debug|Any CPU
		{0DB7BEE8-7689-4BCE-A294-16950276E865}.Debug|Any CPU.Build.0 = Debug|Any CPU
		{0DB7BEE8-7689-4BCE-A294-16950276E865}.Release|Any CPU.ActiveCfg = Release|Any CPU
		{0DB7BEE8-7689-4BCE-A294-16950276E865}.Release|Any CPU.Build.0 = Release|Any CPU
		{5B6D80E5-B24A-4AB6-834E-B6F83F5F9A1F}.Debug|Any CPU.ActiveCfg = Debug|Any CPU
		{5B6D80E5-B24A-4AB6-834E-B6F83F5F9A1F}.Debug|Any CPU.Build.0 = Debug|Any CPU
		{5B6D80E5-B24A-4AB6-834E-B6F83F5F9A1F}.Release|Any CPU.ActiveCfg = Release|Any CPU
		{5B6D80E5-B24A-4AB6-834E-B6F83F5F9A1F}.Release|Any CPU.Build.0 = Release|Any CPU
		{D6F319E4-714F-443E-9788-E814FEAE3F93}.Debug|Any CPU.ActiveCfg = Debug|Any CPU
		{D6F319E4-714F-443E-9788-E814FEAE3F93}.Debug|Any CPU.Build.0 = Debug|Any CPU
		{D6F319E4-714F-443E-9788-E814FEAE3F93}.Release|Any CPU.ActiveCfg = Release|Any CPU
		{D6F319E4-714F-443E-9788-E814FEAE3F93}.Release|Any CPU.Build.0 = Release|Any CPU
	EndGlobalSection
	GlobalSection(SolutionProperties) = preSolution
		HideSolutionNode = FALSE
	EndGlobalSection
EndGlobal
