
Microsoft Visual Studio Solution File, Format Version 12.00
# Visual Studio 2012
Project("{9092AA53-FB77-4645-B42D-1CCCA6BD08BD}") = "routing", "routing.njsproj", "{CD05C826-D9C4-4DF9-95FB-EB61DD2D8FDB}"
EndProject
Global
	GlobalSection(SolutionConfigurationPlatforms) = preSolution
		Debug|Any CPU = Debug|Any CPU
		Release|Any CPU = Release|Any CPU
	EndGlobalSection
	GlobalSection(ProjectConfigurationPlatforms) = postSolution
		{CD05C826-D9C4-4DF9-95FB-EB61DD2D8FDB}.Debug|Any CPU.ActiveCfg = Debug|Any CPU
		{CD05C826-D9C4-4DF9-95FB-EB61DD2D8FDB}.Debug|Any CPU.Build.0 = Debug|Any CPU
		{CD05C826-D9C4-4DF9-95FB-EB61DD2D8FDB}.Release|Any CPU.ActiveCfg = Release|Any CPU
		{CD05C826-D9C4-4DF9-95FB-EB61DD2D8FDB}.Release|Any CPU.Build.0 = Release|Any CPU
	EndGlobalSection
	GlobalSection(SolutionProperties) = preSolution
		HideSolutionNode = FALSE
	EndGlobalSection
EndGlobal
