
Microsoft Visual Studio Solution File, Format Version 12.00
# Visual Studio 2012
Project("{9092AA53-FB77-4645-B42D-1CCCA6BD08BD}") = "angularjs-routing", "angularjs-routing.njsproj", "{977C47F6-730F-4DD2-9767-76C943EF86B3}"
EndProject
Global
	GlobalSection(SolutionConfigurationPlatforms) = preSolution
		Debug|Any CPU = Debug|Any CPU
		Release|Any CPU = Release|Any CPU
	EndGlobalSection
	GlobalSection(ProjectConfigurationPlatforms) = postSolution
		{977C47F6-730F-4DD2-9767-76C943EF86B3}.Debug|Any CPU.ActiveCfg = Debug|Any CPU
		{977C47F6-730F-4DD2-9767-76C943EF86B3}.Debug|Any CPU.Build.0 = Debug|Any CPU
		{977C47F6-730F-4DD2-9767-76C943EF86B3}.Release|Any CPU.ActiveCfg = Release|Any CPU
		{977C47F6-730F-4DD2-9767-76C943EF86B3}.Release|Any CPU.Build.0 = Release|Any CPU
	EndGlobalSection
	GlobalSection(SolutionProperties) = preSolution
		HideSolutionNode = FALSE
	EndGlobalSection
EndGlobal
